Microsoft Visual Studio Solution File, Format Version 12.00
# Visual Studio Version 17
VisualStudioVersion = 17.5.2.0
MinimumVisualStudioVersion = 10.0.40219.1
Project("{FAE04EC0-301F-11D3-BF4B-00C04F79EFBC}") = "FBindicadores", "FBindicadores.csproj", "{2B57D1EA-1999-B5AA-6859-2D4AC37EEC19}"
EndProject
Global
	GlobalSection(SolutionConfigurationPlatforms) = preSolution
		Debug|Any CPU = Debug|Any CPU
		Release|Any CPU = Release|Any CPU
	EndGlobalSection
	GlobalSection(ProjectConfigurationPlatforms) = postSolution
		{2B57D1EA-1999-B5AA-6859-2D4AC37EEC19}.Debug|Any CPU.ActiveCfg = Debug|Any CPU
		{2B57D1EA-1999-B5AA-6859-2D4AC37EEC19}.Debug|Any CPU.Build.0 = Debug|Any CPU
		{2B57D1EA-1999-B5AA-6859-2D4AC37EEC19}.Release|Any CPU.ActiveCfg = Release|Any CPU
		{2B57D1EA-1999-B5AA-6859-2D4AC37EEC19}.Release|Any CPU.Build.0 = Release|Any CPU
	EndGlobalSection
	GlobalSection(SolutionProperties) = preSolution
		HideSolutionNode = FALSE
	EndGlobalSection
	GlobalSection(ExtensibilityGlobals) = postSolution
		SolutionGuid = {ED4E31F3-7907-4459-9AF9-00E0DF9CE6A4}
	EndGlobalSection
EndGlobal
